github.com/davecgh/go-spew v1.1.1 h1:vj9j/u1bqnvCEfJOwUhtlOARqs3+rkHYY13jYWTU97c=
github.com/davecgh/go-spew v1.1.1/go.mod h1:J7Y8YcW2NihsgmVo/mv3lAwl/skON4iLHjSsI+c5H38=
github.com/pmezard/go-difflib v1.0.0 h1:4DBwDE0NGyQoBHbLQYPwSUPoCMWR5BEzIk/f1lZbAQM=
github.com/pmezard/go-difflib v1.0.0/go.mod h1:iKH77koFhYxTK1pcRnkKkqfTogsbg7gZNVY4sRDYZ/4=
github.com/projectdiscovery/ratelimit v0.0.78 h1:lLxsS6+RT6JWyuKAP+APcRew5XzurI+b/OE/eOfNWIo=
github.com/projectdiscovery/ratelimit v0.0.78/go.mod h1:OmwZ4k6FoZLeTDZpto4FqMX+4DpD8rE2ZZtbRTPcN4Q=
github.com/projectdiscovery/utils v0.4.16 h1:VMru9Xf+h/vnmq4uS9adID2N2DojRLfLl8Us333XQfU=
github.com/projectdiscovery/utils v0.4.16/go.mod h1:y5gnpQn802iEWqf0djTRNskJlS62P5eqe1VS1+ah0tk=
github.com/remeh/sizedwaitgroup v1.0.0 h1:VNGGFwNo/R5+MJBf6yrsr110p0m4/OX4S3DCy7Kyl5E=
github.com/remeh/sizedwaitgroup v1.0.0/go.mod h1:3j2R4OIe/SeS6YDhICBy22RWjJC5eNCJ1V+9+NVNYlo=
github.com/stretchr/testify v1.9.0 h1:HtqpIVDClZ4nwg75+f6Lvsy/wHu+3BoSGCbBAcpTsTg=
github.com/stretchr/testify v1.9.0/go.mod h1:r2ic/lqez/lEtzL7wO/rwa5dbSLXVDPFyf8C91i36aY=
golang.org/x/time v0.5.0 h1:o7cqy6amK/52YcAKIPlM3a+Fpj35zvRj2TP+e1xFSfk=
golang.org/x/time v0.5.0/go.mod h1:3BpzKBy/shNhVucY/MWOyx10tF3SFh9QdLuxbVysPQM=
gopkg.in/yaml.v3 v3.0.1 h1:fxVm/GzAzEWqLHuvctI91KS9hhNmmWOoWu0XTYJS7CA=
gopkg.in/yaml.v3 v3.0.1/go.mod h1:K4uyk7z7BCEPqu6E+C64Yfv1cQ7kz7rIZviUmN+EgEM=
